// !$*UTF8*$!
{
	archiveVersion = 1;
	classes = {
	};
	objectVersion = 56;
	objects = {

/* Begin PBXBuildFile section */
		3F4A9DAA290B2249002A7325 /* Image+UIImage.swift in Sources */ = {isa = PBXBuildFile; fileRef = 3F4A9DA8290B2249002A7325 /* Image+UIImage.swift */; };
		3F4A9DAB290B2249002A7325 /* String+Url.swift in Sources */ = {isa = PBXBuildFile; fileRef = 3F4A9DA9290B2249002A7325 /* String+Url.swift */; };
		3F4A9DB1290B2277002A7325 /* MessageComposeView.swift in Sources */ = {isa = PBXBuildFile; fileRef = 3F4A9DAE290B2277002A7325 /* MessageComposeView.swift */; };
		3F4A9DB2290B2277002A7325 /* WebView.swift in Sources */ = {isa = PBXBuildFile; fileRef = 3F4A9DAF290B2277002A7325 /* WebView.swift */; };
		3F4A9DB3290B2277002A7325 /* EditableText.swift in Sources */ = {isa = PBXBuildFile; fileRef = 3F4A9DB0290B2277002A7325 /* EditableText.swift */; };
		3F4A9DB5290B2284002A7325 /* PushupDateFormatter.swift in Sources */ = {isa = PBXBuildFile; fileRef = 3F4A9DB4290B2284002A7325 /* PushupDateFormatter.swift */; };
		3F4A9DB7290B228D002A7325 /* PushupsForKyleView.swift in Sources */ = {isa = PBXBuildFile; fileRef = 3F4A9DB6290B228D002A7325 /* PushupsForKyleView.swift */; };
		3F4A9DB9290B22AE002A7325 /* Array+Identifiable.swift in Sources */ = {isa = PBXBuildFile; fileRef = 3F4A9DB8290B22AE002A7325 /* Array+Identifiable.swift */; };
		3F4A9DBB290B233F002A7325 /* WorkoutTrackerView.swift in Sources */ = {isa = PBXBuildFile; fileRef = 3F4A9DBA290B233F002A7325 /* WorkoutTrackerView.swift */; };
		3F4A9DBD290B253B002A7325 /* PushupTally.swift in Sources */ = {isa = PBXBuildFile; fileRef = 3F4A9DBC290B253B002A7325 /* PushupTally.swift */; };
		3FCB1B2E28FFAF9300F977CF /* Workout_TrackerApp.swift in Sources */ = {isa = PBXBuildFile; fileRef = 3FCB1B2D28FFAF9300F977CF /* Workout_TrackerApp.swift */; };
		3FCB1B3028FFAF9300F977CF /* WorkoutRecordView.swift in Sources */ = {isa = PBXBuildFile; fileRef = 3FCB1B2F28FFAF9300F977CF /* WorkoutRecordView.swift */; };
		3FCB1B3228FFAF9400F977CF /* Assets.xcassets in Resources */ = {isa = PBXBuildFile; fileRef = 3FCB1B3128FFAF9400F977CF /* Assets.xcassets */; };
		3FCB1B3528FFAF9400F977CF /* Preview Assets.xcassets in Resources */ = {isa = PBXBuildFile; fileRef = 3FCB1B3428FFAF9400F977CF /* Preview Assets.xcassets */; };
		3FCB1B3F28FFB13700F977CF /* WorkoutViewModel.swift in Sources */ = {isa = PBXBuildFile; fileRef = 3FCB1B3E28FFB13700F977CF /* WorkoutViewModel.swift */; };
		3FCB1B4128FFB18200F977CF /* PushupModel.swift in Sources */ = {isa = PBXBuildFile; fileRef = 3FCB1B4028FFB18200F977CF /* PushupModel.swift */; };
		3FCB1B432908313900F977CF /* AddWorkoutView.swift in Sources */ = {isa = PBXBuildFile; fileRef = 3FCB1B422908313900F977CF /* AddWorkoutView.swift */; };
/* End PBXBuildFile section */

/* Begin PBXFileReference section */
		3F4A9DA8290B2249002A7325 /* Image+UIImage.swift */ = {isa = PBXFileReference; fileEncoding = 4; lastKnownFileType = sourcecode.swift; path = "Image+UIImage.swift"; sourceTree = "<group>"; };
		3F4A9DA9290B2249002A7325 /* String+Url.swift */ = {isa = PBXFileReference; fileEncoding = 4; lastKnownFileType = sourcecode.swift; path = "String+Url.swift"; sourceTree = "<group>"; };
		3F4A9DAE290B2277002A7325 /* MessageComposeView.swift */ = {isa = PBXFileReference; fileEncoding = 4; lastKnownFileType = sourcecode.swift; path = MessageComposeView.swift; sourceTree = "<group>"; };
		3F4A9DAF290B2277002A7325 /* WebView.swift */ = {isa = PBXFileReference; fileEncoding = 4; lastKnownFileType = sourcecode.swift; path = WebView.swift; sourceTree = "<group>"; };
		3F4A9DB0290B2277002A7325 /* EditableText.swift */ = {isa = PBXFileReference; fileEncoding = 4; lastKnownFileType = sourcecode.swift; path = EditableText.swift; sourceTree = "<group>"; };
		3F4A9DB4290B2284002A7325 /* PushupDateFormatter.swift */ = {isa = PBXFileReference; fileEncoding = 4; lastKnownFileType = sourcecode.swift; path = PushupDateFormatter.swift; sourceTree = "<group>"; };
		3F4A9DB6290B228D002A7325 /* PushupsForKyleView.swift */ = {isa = PBXFileReference; fileEncoding = 4; lastKnownFileType = sourcecode.swift; path = PushupsForKyleView.swift; sourceTree = "<group>"; };
		3F4A9DB8290B22AE002A7325 /* Array+Identifiable.swift */ = {isa = PBXFileReference; fileEncoding = 4; lastKnownFileType = sourcecode.swift; path = "Array+Identifiable.swift"; sourceTree = "<group>"; };
		3F4A9DBA290B233F002A7325 /* WorkoutTrackerView.swift */ = {isa = PBXFileReference; lastKnownFileType = sourcecode.swift; path = WorkoutTrackerView.swift; sourceTree = "<group>"; };
		3F4A9DBC290B253B002A7325 /* PushupTally.swift */ = {isa = PBXFileReference; lastKnownFileType = sourcecode.swift; path = PushupTally.swift; sourceTree = "<group>"; };
		3FCB1B2A28FFAF9300F977CF /* Workout Tracker.app */ = {isa = PBXFileReference; explicitFileType = wrapper.application; includeInIndex = 0; path = "Workout Tracker.app"; sourceTree = BUILT_PRODUCTS_DIR; };
		3FCB1B2D28FFAF9300F977CF /* Workout_TrackerApp.swift */ = {isa = PBXFileReference; lastKnownFileType = sourcecode.swift; path = Workout_TrackerApp.swift; sourceTree = "<group>"; };
		3FCB1B2F28FFAF9300F977CF /* WorkoutRecordView.swift */ = {isa = PBXFileReference; lastKnownFileType = sourcecode.swift; path = WorkoutRecordView.swift; sourceTree = "<group>"; };
		3FCB1B3128FFAF9400F977CF /* Assets.xcassets */ = {isa = PBXFileReference; lastKnownFileType = folder.assetcatalog; path = Assets.xcassets; sourceTree = "<group>"; };
		3FCB1B3428FFAF9400F977CF /* Preview Assets.xcassets */ = {isa = PBXFileReference; lastKnownFileType = folder.assetcatalog; path = "Preview Assets.xcassets"; sourceTree = "<group>"; };
		3FCB1B3E28FFB13700F977CF /* WorkoutViewModel.swift */ = {isa = PBXFileReference; lastKnownFileType = sourcecode.swift; path = WorkoutViewModel.swift; sourceTree = "<group>"; };
		3FCB1B4028FFB18200F977CF /* PushupModel.swift */ = {isa = PBXFileReference; lastKnownFileType = sourcecode.swift; path = PushupModel.swift; sourceTree = "<group>"; };
		3FCB1B422908313900F977CF /* AddWorkoutView.swift */ = {isa = PBXFileReference; lastKnownFileType = sourcecode.swift; path = AddWorkoutView.swift; sourceTree = "<group>"; };
/* End PBXFileReference section */

/* Begin PBXFrameworksBuildPhase section */
		3FCB1B2728FFAF9300F977CF /* Frameworks */ = {
			isa = PBXFrameworksBuildPhase;
			buildActionMask = 2147483647;
			files = (
			);
			runOnlyForDeploymentPostprocessing = 0;
		};
/* End PBXFrameworksBuildPhase section */

/* Begin PBXGroup section */
		3F4A9DA7290B2232002A7325 /* Utility */ = {
			isa = PBXGroup;
			children = (
				3F4A9DB8290B22AE002A7325 /* Array+Identifiable.swift */,
				3F4A9DA8290B2249002A7325 /* Image+UIImage.swift */,
				3F4A9DB4290B2284002A7325 /* PushupDateFormatter.swift */,
				3F4A9DA9290B2249002A7325 /* String+Url.swift */,
			);
			name = Utility;
			sourceTree = "<group>";
		};
		3F4A9DAC290B2250002A7325 /* Components */ = {
			isa = PBXGroup;
			children = (
				3F4A9DB0290B2277002A7325 /* EditableText.swift */,
				3F4A9DAE290B2277002A7325 /* MessageComposeView.swift */,
				3F4A9DAF290B2277002A7325 /* WebView.swift */,
			);
			name = Components;
			sourceTree = "<group>";
		};
		3F4A9DAD290B2259002A7325 /* Screens */ = {
			isa = PBXGroup;
			children = (
				3FCB1B422908313900F977CF /* AddWorkoutView.swift */,
				3F4A9DB6290B228D002A7325 /* PushupsForKyleView.swift */,
				3FCB1B2F28FFAF9300F977CF /* WorkoutRecordView.swift */,
				3F4A9DBA290B233F002A7325 /* WorkoutTrackerView.swift */,
			);
			name = Screens;
			sourceTree = "<group>";
		};
		3FCB1B2128FFAF9300F977CF = {
			isa = PBXGroup;
			children = (
				3FCB1B2C28FFAF9300F977CF /* Workout Tracker */,
				3FCB1B2B28FFAF9300F977CF /* Products */,
			);
			sourceTree = "<group>";
		};
		3FCB1B2B28FFAF9300F977CF /* Products */ = {
			isa = PBXGroup;
			children = (
				3FCB1B2A28FFAF9300F977CF /* Workout Tracker.app */,
			);
			name = Products;
			sourceTree = "<group>";
		};
		3FCB1B2C28FFAF9300F977CF /* Workout Tracker */ = {
			isa = PBXGroup;
			children = (
				3FCB1B3C28FFAFD000F977CF /* Model */,
				3FCB1B3B28FFAFC900F977CF /* View */,
				3FCB1B3D28FFAFD600F977CF /* ViewModel */,
				3F4A9DA7290B2232002A7325 /* Utility */,
				3FCB1B3128FFAF9400F977CF /* Assets.xcassets */,
				3FCB1B3328FFAF9400F977CF /* Preview Content */,
			);
			path = "Workout Tracker";
			sourceTree = "<group>";
		};
		3FCB1B3328FFAF9400F977CF /* Preview Content */ = {
			isa = PBXGroup;
			children = (
				3FCB1B3428FFAF9400F977CF /* Preview Assets.xcassets */,
			);
			path = "Preview Content";
			sourceTree = "<group>";
		};
		3FCB1B3B28FFAFC900F977CF /* View */ = {
			isa = PBXGroup;
			children = (
				3FCB1B452908982F00F977CF /* App */,
				3F4A9DAC290B2250002A7325 /* Components */,
				3F4A9DAD290B2259002A7325 /* Screens */,
			);
			path = View;
			sourceTree = "<group>";
		};
		3FCB1B3C28FFAFD000F977CF /* Model */ = {
			isa = PBXGroup;
			children = (
				3FCB1B4028FFB18200F977CF /* PushupModel.swift */,
				3F4A9DBC290B253B002A7325 /* PushupTally.swift */,
			);
			name = Model;
			sourceTree = "<group>";
		};
		3FCB1B3D28FFAFD600F977CF /* ViewModel */ = {
			isa = PBXGroup;
			children = (
				3FCB1B3E28FFB13700F977CF /* WorkoutViewModel.swift */,
			);
			name = ViewModel;
			sourceTree = "<group>";
		};
		3FCB1B452908982F00F977CF /* App */ = {
			isa = PBXGroup;
			children = (
				3FCB1B2D28FFAF9300F977CF /* Workout_TrackerApp.swift */,
			);
			path = App;
			sourceTree = "<group>";
		};
/* End PBXGroup section */

/* Begin PBXNativeTarget section */
		3FCB1B2928FFAF9300F977CF /* Workout Tracker */ = {
			isa = PBXNativeTarget;
			buildConfigurationList = 3FCB1B3828FFAF9400F977CF /* Build configuration list for PBXNativeTarget "Workout Tracker" */;
			buildPhases = (
				3FCB1B2628FFAF9300F977CF /* Sources */,
				3FCB1B2728FFAF9300F977CF /* Frameworks */,
				3FCB1B2828FFAF9300F977CF /* Resources */,
			);
			buildRules = (
			);
			dependencies = (
			);
			name = "Workout Tracker";
			productName = "Workout Tracker";
			productReference = 3FCB1B2A28FFAF9300F977CF /* Workout Tracker.app */;
			productType = "com.apple.product-type.application";
		};
/* End PBXNativeTarget section */

/* Begin PBXProject section */
		3FCB1B2228FFAF9300F977CF /* Project object */ = {
			isa = PBXProject;
			attributes = {
				BuildIndependentTargetsInParallel = 1;
				LastSwiftUpdateCheck = 1400;
				LastUpgradeCheck = 1400;
				TargetAttributes = {
					3FCB1B2928FFAF9300F977CF = {
						CreatedOnToolsVersion = 14.0.1;
					};
				};
			};
			buildConfigurationList = 3FCB1B2528FFAF9300F977CF /* Build configuration list for PBXProject "Workout Tracker" */;
			compatibilityVersion = "Xcode 14.0";
			developmentRegion = en;
			hasScannedForEncodings = 0;
			knownRegions = (
				en,
				Base,
			);
			mainGroup = 3FCB1B2128FFAF9300F977CF;
			productRefGroup = 3FCB1B2B28FFAF9300F977CF /* Products */;
			projectDirPath = "";
			projectRoot = "";
			targets = (
				3FCB1B2928FFAF9300F977CF /* Workout Tracker */,
			);
		};
/* End PBXProject section */

/* Begin PBXResourcesBuildPhase section */
		3FCB1B2828FFAF9300F977CF /* Resources */ = {
			isa = PBXResourcesBuildPhase;
			buildActionMask = 2147483647;
			files = (
				3FCB1B3528FFAF9400F977CF /* Preview Assets.xcassets in Resources */,
				3FCB1B3228FFAF9400F977CF /* Assets.xcassets in Resources */,
			);
			runOnlyForDeploymentPostprocessing = 0;
		};
/* End PBXResourcesBuildPhase section */

/* Begin PBXSourcesBuildPhase section */
		3FCB1B2628FFAF9300F977CF /* Sources */ = {
			isa = PBXSourcesBuildPhase;
			buildActionMask = 2147483647;
			files = (
				3F4A9DB3290B2277002A7325 /* EditableText.swift in Sources */,
				3F4A9DAB290B2249002A7325 /* String+Url.swift in Sources */,
				3F4A9DB1290B2277002A7325 /* MessageComposeView.swift in Sources */,
				3F4A9DBD290B253B002A7325 /* PushupTally.swift in Sources */,
				3FCB1B3028FFAF9300F977CF /* WorkoutRecordView.swift in Sources */,
				3FCB1B432908313900F977CF /* AddWorkoutView.swift in Sources */,
				3FCB1B3F28FFB13700F977CF /* WorkoutViewModel.swift in Sources */,
				3F4A9DB9290B22AE002A7325 /* Array+Identifiable.swift in Sources */,
				3F4A9DAA290B2249002A7325 /* Image+UIImage.swift in Sources */,
				3F4A9DB2290B2277002A7325 /* WebView.swift in Sources */,
				3FCB1B4128FFB18200F977CF /* PushupModel.swift in Sources */,
				3F4A9DB5290B2284002A7325 /* PushupDateFormatter.swift in Sources */,
				3F4A9DBB290B233F002A7325 /* WorkoutTrackerView.swift in Sources */,
				3F4A9DB7290B228D002A7325 /* PushupsForKyleView.swift in Sources */,
				3FCB1B2E28FFAF9300F977CF /* Workout_TrackerApp.swift in Sources */,
			);
			runOnlyForDeploymentPostprocessing = 0;
		};
/* End PBXSourcesBuildPhase section */

/* Begin XCBuildConfiguration section */
		3FCB1B3628FFAF9400F977CF /* Debug */ = {
			isa = XCBuildConfiguration;
			buildSettings = {
				ALWAYS_SEARCH_USER_PATHS = NO;
				CLANG_ANALYZER_NONNULL = YES;
				CLANG_ANALYZER_NUMBER_OBJECT_CONVERSION = YES_AGGRESSIVE;
				CLANG_CXX_LANGUAGE_STANDARD = "gnu++20";
				CLANG_ENABLE_MODULES = YES;
				CLANG_ENABLE_OBJC_ARC = YES;
				CLANG_ENABLE_OBJC_WEAK = YES;
				CLANG_WARN_BLOCK_CAPTURE_AUTORELEASING = YES;
				CLANG_WARN_BOOL_CONVERSION = YES;
				CLANG_WARN_COMMA = YES;
				CLANG_WARN_CONSTANT_CONVERSION = YES;
				CLANG_WARN_DEPRECATED_OBJC_IMPLEMENTATIONS = YES;
				CLANG_WARN_DIRECT_OBJC_ISA_USAGE = YES_ERROR;
				CLANG_WARN_DOCUMENTATION_COMMENTS = YES;
				CLANG_WARN_EMPTY_BODY = YES;
				CLANG_WARN_ENUM_CONVERSION = YES;
				CLANG_WARN_INFINITE_RECURSION = YES;
				CLANG_WARN_INT_CONVERSION = YES;
				CLANG_WARN_NON_LITERAL_NULL_CONVERSION = YES;
				CLANG_WARN_OBJC_IMPLICIT_RETAIN_SELF = YES;
				CLANG_WARN_OBJC_LITERAL_CONVERSION = YES;
				CLANG_WARN_OBJC_ROOT_CLASS = YES_ERROR;
				CLANG_WARN_QUOTED_INCLUDE_IN_FRAMEWORK_HEADER = YES;
				CLANG_WARN_RANGE_LOOP_ANALYSIS = YES;
				CLANG_WARN_STRICT_PROTOTYPES = YES;
				CLANG_WARN_SUSPICIOUS_MOVE = YES;
				CLANG_WARN_UNGUARDED_AVAILABILITY = YES_AGGRESSIVE;
				CLANG_WARN_UNREACHABLE_CODE = YES;
				CLANG_WARN__DUPLICATE_METHOD_MATCH = YES;
				COPY_PHASE_STRIP = NO;
				DEBUG_INFORMATION_FORMAT = dwarf;
				ENABLE_STRICT_OBJC_MSGSEND = YES;
				ENABLE_TESTABILITY = YES;
				GCC_C_LANGUAGE_STANDARD = gnu11;
				GCC_DYNAMIC_NO_PIC = NO;
				GCC_NO_COMMON_BLOCKS = YES;
				GCC_OPTIMIZATION_LEVEL = 0;
				GCC_PREPROCESSOR_DEFINITIONS = (
					"DEBUG=1",
					"$(inherited)",
				);
				GCC_WARN_64_TO_32_BIT_CONVERSION = YES;
				GCC_WARN_ABOUT_RETURN_TYPE = YES_ERROR;
				GCC_WARN_UNDECLARED_SELECTOR = YES;
				GCC_WARN_UNINITIALIZED_AUTOS = YES_AGGRESSIVE;
				GCC_WARN_UNUSED_FUNCTION = YES;
				GCC_WARN_UNUSED_VARIABLE = YES;
				IPHONEOS_DEPLOYMENT_TARGET = 16.0;
				MTL_ENABLE_DEBUG_INFO = INCLUDE_SOURCE;
				MTL_FAST_MATH = YES;
				ONLY_ACTIVE_ARCH = YES;
				SDKROOT = iphoneos;
				SWIFT_ACTIVE_COMPILATION_CONDITIONS = DEBUG;
				SWIFT_OPTIMIZATION_LEVEL = "-Onone";
			};
			name = Debug;
		};
		3FCB1B3728FFAF9400F977CF /* Release */ = {
			isa = XCBuildConfiguration;
			buildSettings = {
				ALWAYS_SEARCH_USER_PATHS = NO;
				CLANG_ANALYZER_NONNULL = YES;
				CLANG_ANALYZER_NUMBER_OBJECT_CONVERSION = YES_AGGRESSIVE;
				CLANG_CXX_LANGUAGE_STANDARD = "gnu++20";
				CLANG_ENABLE_MODULES = YES;
				CLANG_ENABLE_OBJC_ARC = YES;
				CLANG_ENABLE_OBJC_WEAK = YES;
				CLANG_WARN_BLOCK_CAPTURE_AUTORELEASING = YES;
				CLANG_WARN_BOOL_CONVERSION = YES;
				CLANG_WARN_COMMA = YES;
				CLANG_WARN_CONSTANT_CONVERSION = YES;
				CLANG_WARN_DEPRECATED_OBJC_IMPLEMENTATIONS = YES;
				CLANG_WARN_DIRECT_OBJC_ISA_USAGE = YES_ERROR;
				CLANG_WARN_DOCUMENTATION_COMMENTS = YES;
				CLANG_WARN_EMPTY_BODY = YES;
				CLANG_WARN_ENUM_CONVERSION = YES;
				CLANG_WARN_INFINITE_RECURSION = YES;
				CLANG_WARN_INT_CONVERSION = YES;
				CLANG_WARN_NON_LITERAL_NULL_CONVERSION = YES;
				CLANG_WARN_OBJC_IMPLICIT_RETAIN_SELF = YES;
				CLANG_WARN_OBJC_LITERAL_CONVERSION = YES;
				CLANG_WARN_OBJC_ROOT_CLASS = YES_ERROR;
				CLANG_WARN_QUOTED_INCLUDE_IN_FRAMEWORK_HEADER = YES;
				CLANG_WARN_RANGE_LOOP_ANALYSIS = YES;
				CLANG_WARN_STRICT_PROTOTYPES = YES;
				CLANG_WARN_SUSPICIOUS_MOVE = YES;
				CLANG_WARN_UNGUARDED_AVAILABILITY = YES_AGGRESSIVE;
				CLANG_WARN_UNREACHABLE_CODE = YES;
				CLANG_WARN__DUPLICATE_METHOD_MATCH = YES;
				COPY_PHASE_STRIP = NO;
				DEBUG_INFORMATION_FORMAT = "dwarf-with-dsym";
				ENABLE_NS_ASSERTIONS = NO;
				ENABLE_STRICT_OBJC_MSGSEND = YES;
				GCC_C_LANGUAGE_STANDARD = gnu11;
				GCC_NO_COMMON_BLOCKS = YES;
				GCC_WARN_64_TO_32_BIT_CONVERSION = YES;
				GCC_WARN_ABOUT_RETURN_TYPE = YES_ERROR;
				GCC_WARN_UNDECLARED_SELECTOR = YES;
				GCC_WARN_UNINITIALIZED_AUTOS = YES_AGGRESSIVE;
				GCC_WARN_UNUSED_FUNCTION = YES;
				GCC_WARN_UNUSED_VARIABLE = YES;
				IPHONEOS_DEPLOYMENT_TARGET = 16.0;
				MTL_ENABLE_DEBUG_INFO = NO;
				MTL_FAST_MATH = YES;
				SDKROOT = iphoneos;
				SWIFT_COMPILATION_MODE = wholemodule;
				SWIFT_OPTIMIZATION_LEVEL = "-O";
				VALIDATE_PRODUCT = YES;
			};
			name = Release;
		};
		3FCB1B3928FFAF9400F977CF /* Debug */ = {
			isa = XCBuildConfiguration;
			buildSettings = {
				ASSETCATALOG_COMPILER_APPICON_NAME = AppIcon;
				ASSETCATALOG_COMPILER_GLOBAL_ACCENT_COLOR_NAME = AccentColor;
				CODE_SIGN_STYLE = Automatic;
				CURRENT_PROJECT_VERSION = 1;
				DEVELOPMENT_ASSET_PATHS = "\"Workout Tracker/Preview Content\"";
				DEVELOPMENT_TEAM = KFPSLPBU25;
				ENABLE_PREVIEWS = YES;
				GENERATE_INFOPLIST_FILE = YES;
				INFOPLIST_KEY_UIApplicationSceneManifest_Generation = YES;
				INFOPLIST_KEY_UIApplicationSupportsIndirectInputEvents = YES;
				INFOPLIST_KEY_UILaunchScreen_Generation = YES;
				INFOPLIST_KEY_UISupportedInterfaceOrientations_iPad = "UIInterfaceOrientationPortrait UIInterfaceOrientationPortraitUpsideDown UIInterfaceOrientationLandscapeLeft UIInterfaceOrientationLandscapeRight";
				INFOPLIST_KEY_UISupportedInterfaceOrientations_iPhone = "UIInterfaceOrientationPortrait UIInterfaceOrientationLandscapeLeft UIInterfaceOrientationLandscapeRight";
				LD_RUNPATH_SEARCH_PATHS = (
					"$(inherited)",
					"@executable_path/Frameworks",
				);
				MARKETING_VERSION = 1.0;
				PRODUCT_BUNDLE_IDENTIFIER = "edu.byu.is543.Workout-Tracker";
				PRODUCT_NAME = "$(TARGET_NAME)";
				SWIFT_EMIT_LOC_STRINGS = YES;
				SWIFT_VERSION = 5.0;
				TARGETED_DEVICE_FAMILY = "1,2";
			};
			name = Debug;
		};
		3FCB1B3A28FFAF9400F977CF /* Release */ = {
			isa = XCBuildConfiguration;
			buildSettings = {
				ASSETCATALOG_COMPILER_APPICON_NAME = AppIcon;
				ASSETCATALOG_COMPILER_GLOBAL_ACCENT_COLOR_NAME = AccentColor;
				CODE_SIGN_STYLE = Automatic;
				CURRENT_PROJECT_VERSION = 1;
				DEVELOPMENT_ASSET_PATHS = "\"Workout Tracker/Preview Content\"";
				DEVELOPMENT_TEAM = KFPSLPBU25;
				ENABLE_PREVIEWS = YES;
				GENERATE_INFOPLIST_FILE = YES;
				INFOPLIST_KEY_UIApplicationSceneManifest_Generation = YES;
				INFOPLIST_KEY_UIApplicationSupportsIndirectInputEvents = YES;
				INFOPLIST_KEY_UILaunchScreen_Generation = YES;
				INFOPLIST_KEY_UISupportedInterfaceOrientations_iPad = "UIInterfaceOrientationPortrait UIInterfaceOrientationPortraitUpsideDown UIInterfaceOrientationLandscapeLeft UIInterfaceOrientationLandscapeRight";
				INFOPLIST_KEY_UISupportedInterfaceOrientations_iPhone = "UIInterfaceOrientationPortrait UIInterfaceOrientationLandscapeLeft UIInterfaceOrientationLandscapeRight";
				LD_RUNPATH_SEARCH_PATHS = (
					"$(inherited)",
					"@executable_path/Frameworks",
				);
				MARKETING_VERSION = 1.0;
				PRODUCT_BUNDLE_IDENTIFIER = "edu.byu.is543.Workout-Tracker";
				PRODUCT_NAME = "$(TARGET_NAME)";
				SWIFT_EMIT_LOC_STRINGS = YES;
				SWIFT_VERSION = 5.0;
				TARGETED_DEVICE_FAMILY = "1,2";
			};
			name = Release;
		};
/* End XCBuildConfiguration section */

/* Begin XCConfigurationList section */
		3FCB1B2528FFAF9300F977CF /* Build configuration list for PBXProject "Workout Tracker" */ = {
			isa = XCConfigurationList;
			buildConfigurations = (
				3FCB1B3628FFAF9400F977CF /* Debug */,
				3FCB1B3728FFAF9400F977CF /* Release */,
			);
			defaultConfigurationIsVisible = 0;
			defaultConfigurationName = Release;
		};
		3FCB1B3828FFAF9400F977CF /* Build configuration list for PBXNativeTarget "Workout Tracker" */ = {
			isa = XCConfigurationList;
			buildConfigurations = (
				3FCB1B3928FFAF9400F977CF /* Debug */,
				3FCB1B3A28FFAF9400F977CF /* Release */,
			);
			defaultConfigurationIsVisible = 0;
			defaultConfigurationName = Release;
		};
/* End XCConfigurationList section */
	};
	rootObject = 3FCB1B2228FFAF9300F977CF /* Project object */;
}
